
Microsoft Visual Studio Solution File, Format Version 12.00
# Visual Studio Version 16
VisualStudioVersion = 16.0.30128.74
MinimumVisualStudioVersion = 10.0.40219.1
Project("{FAE04EC0-301F-11D3-BF4B-00C04F79EFBC}") = "Tests", "Tests\Tests.csproj", "{7B1A4B08-05E1-4EED-A7A9-26C0011603AE}"
EndProject
Project("{9A19103F-16F7-4668-BE54-9A1E7A4F7556}") = "InputHook", "InputHook\InputHook.csproj", "{1E64456D-1A2C-48D4-8E3F-BC1FD6A36E52}"
EndProject
Project("{FAE04EC0-301F-11D3-BF4B-00C04F79EFBC}") = "WindowsInput", "external\WindowsInput\WindowsInput.csproj", "{3549CD6F-80F8-450F-B99E-CF0A736B1F2A}"
EndProject
Project("{9A19103F-16F7-4668-BE54-9A1E7A4F7556}") = "Data", "Data\Data.csproj", "{CBFE44B4-CFD8-4698-89C6-06D1FAECDA58}"
EndProject
Project("{9A19103F-16F7-4668-BE54-9A1E7A4F7556}") = "OutputSimulator", "OutputSimulator\OutputSimulator.csproj", "{FEF1CCD4-9298-420F-B1F6-E9EE77C16FE5}"
EndProject
Project("{9A19103F-16F7-4668-BE54-9A1E7A4F7556}") = "Recordings", "Recordings\Recordings.csproj", "{113E78E8-FC53-4336-929F-64E39C6C4D80}"
EndProject
Project("{FAE04EC0-301F-11D3-BF4B-00C04F79EFBC}") = "Autokeys2", "Autokeys2\Autokeys2.csproj", "{9FC78855-A064-4A6B-8E1A-C16D6F2B94DC}"
EndProject
Project("{FAE04EC0-301F-11D3-BF4B-00C04F79EFBC}") = "WpfApp1", "WpfApp1\WpfApp1.csproj", "{3B48865B-AE6A-4F4E-B922-AE31893C1A06}"
EndProject
Project("{FAE04EC0-301F-11D3-BF4B-00C04F79EFBC}") = "Events", "Events\Events.csproj", "{8D6B9E01-0934-428E-874D-500A4327DE36}"
EndProject
Global
	GlobalSection(SolutionConfigurationPlatforms) = preSolution
		Debug|Any CPU = Debug|Any CPU
		Release|Any CPU = Release|Any CPU
	EndGlobalSection
	GlobalSection(ProjectConfigurationPlatforms) = postSolution
		{7B1A4B08-05E1-4EED-A7A9-26C0011603AE}.Debug|Any CPU.ActiveCfg = Debug|Any CPU
		{7B1A4B08-05E1-4EED-A7A9-26C0011603AE}.Debug|Any CPU.Build.0 = Debug|Any CPU
		{7B1A4B08-05E1-4EED-A7A9-26C0011603AE}.Release|Any CPU.ActiveCfg = Release|Any CPU
		{7B1A4B08-05E1-4EED-A7A9-26C0011603AE}.Release|Any CPU.Build.0 = Release|Any CPU
		{1E64456D-1A2C-48D4-8E3F-BC1FD6A36E52}.Debug|Any CPU.ActiveCfg = Debug|Any CPU
		{1E64456D-1A2C-48D4-8E3F-BC1FD6A36E52}.Debug|Any CPU.Build.0 = Debug|Any CPU
		{1E64456D-1A2C-48D4-8E3F-BC1FD6A36E52}.Release|Any CPU.ActiveCfg = Release|Any CPU
		{1E64456D-1A2C-48D4-8E3F-BC1FD6A36E52}.Release|Any CPU.Build.0 = Release|Any CPU
		{3549CD6F-80F8-450F-B99E-CF0A736B1F2A}.Debug|Any CPU.ActiveCfg = Debug|Any CPU
		{3549CD6F-80F8-450F-B99E-CF0A736B1F2A}.Debug|Any CPU.Build.0 = Debug|Any CPU
		{3549CD6F-80F8-450F-B99E-CF0A736B1F2A}.Release|Any CPU.ActiveCfg = Release|Any CPU
		{3549CD6F-80F8-450F-B99E-CF0A736B1F2A}.Release|Any CPU.Build.0 = Release|Any CPU
		{CBFE44B4-CFD8-4698-89C6-06D1FAECDA58}.Debug|Any CPU.ActiveCfg = Debug|Any CPU
		{CBFE44B4-CFD8-4698-89C6-06D1FAECDA58}.Debug|Any CPU.Build.0 = Debug|Any CPU
		{CBFE44B4-CFD8-4698-89C6-06D1FAECDA58}.Release|Any CPU.ActiveCfg = Release|Any CPU
		{CBFE44B4-CFD8-4698-89C6-06D1FAECDA58}.Release|Any CPU.Build.0 = Release|Any CPU
		{FEF1CCD4-9298-420F-B1F6-E9EE77C16FE5}.Debug|Any CPU.ActiveCfg = Debug|Any CPU
		{FEF1CCD4-9298-420F-B1F6-E9EE77C16FE5}.Debug|Any CPU.Build.0 = Debug|Any CPU
		{FEF1CCD4-9298-420F-B1F6-E9EE77C16FE5}.Release|Any CPU.ActiveCfg = Release|Any CPU
		{FEF1CCD4-9298-420F-B1F6-E9EE77C16FE5}.Release|Any CPU.Build.0 = Release|Any CPU
		{113E78E8-FC53-4336-929F-64E39C6C4D80}.Debug|Any CPU.ActiveCfg = Debug|Any CPU
		{113E78E8-FC53-4336-929F-64E39C6C4D80}.Debug|Any CPU.Build.0 = Debug|Any CPU
		{113E78E8-FC53-4336-929F-64E39C6C4D80}.Release|Any CPU.ActiveCfg = Release|Any CPU
		{113E78E8-FC53-4336-929F-64E39C6C4D80}.Release|Any CPU.Build.0 = Release|Any CPU
		{9FC78855-A064-4A6B-8E1A-C16D6F2B94DC}.Debug|Any CPU.ActiveCfg = Debug|Any CPU
		{9FC78855-A064-4A6B-8E1A-C16D6F2B94DC}.Debug|Any CPU.Build.0 = Debug|Any CPU
		{9FC78855-A064-4A6B-8E1A-C16D6F2B94DC}.Release|Any CPU.ActiveCfg = Release|Any CPU
		{9FC78855-A064-4A6B-8E1A-C16D6F2B94DC}.Release|Any CPU.Build.0 = Release|Any CPU
		{3B48865B-AE6A-4F4E-B922-AE31893C1A06}.Debug|Any CPU.ActiveCfg = Debug|Any CPU
		{3B48865B-AE6A-4F4E-B922-AE31893C1A06}.Debug|Any CPU.Build.0 = Debug|Any CPU
		{3B48865B-AE6A-4F4E-B922-AE31893C1A06}.Release|Any CPU.ActiveCfg = Release|Any CPU
		{3B48865B-AE6A-4F4E-B922-AE31893C1A06}.Release|Any CPU.Build.0 = Release|Any CPU
		{8D6B9E01-0934-428E-874D-500A4327DE36}.Debug|Any CPU.ActiveCfg = Debug|Any CPU
		{8D6B9E01-0934-428E-874D-500A4327DE36}.Debug|Any CPU.Build.0 = Debug|Any CPU
		{8D6B9E01-0934-428E-874D-500A4327DE36}.Release|Any CPU.ActiveCfg = Release|Any CPU
		{8D6B9E01-0934-428E-874D-500A4327DE36}.Release|Any CPU.Build.0 = Release|Any CPU
	EndGlobalSection
	GlobalSection(SolutionProperties) = preSolution
		HideSolutionNode = FALSE
	EndGlobalSection
	GlobalSection(ExtensibilityGlobals) = postSolution
		SolutionGuid = {18AF6C4E-DFD8-492E-8BF6-3146C76FE6D6}
	EndGlobalSection
EndGlobal
